
Microsoft Visual Studio Solution File, Format Version 12.00
# Visual Studio 15
VisualStudioVersion = 15.0.28307.489
MinimumVisualStudioVersion = 10.0.40219.1
Project("{FAE04EC0-301F-11D3-BF4B-00C04F79EFBC}") = "CSLibraries", "CSLibraries\CSLibraries.csproj", "{F6266D4B-5226-4796-9F82-0B297CD0CDC1}"
EndProject
Global
	GlobalSection(SolutionConfigurationPlatforms) = preSolution
		Debug|Any CPU = Debug|Any CPU
		Release|Any CPU = Release|Any CPU
	EndGlobalSection
	GlobalSection(ProjectConfigurationPlatforms) = postSolution
		{F6266D4B-5226-4796-9F82-0B297CD0CDC1}.Debug|Any CPU.ActiveCfg = Debug|Any CPU
		{F6266D4B-5226-4796-9F82-0B297CD0CDC1}.Debug|Any CPU.Build.0 = Debug|Any CPU
		{F6266D4B-5226-4796-9F82-0B297CD0CDC1}.Release|Any CPU.ActiveCfg = Release|Any CPU
		{F6266D4B-5226-4796-9F82-0B297CD0CDC1}.Release|Any CPU.Build.0 = Release|Any CPU
	EndGlobalSection
	GlobalSection(SolutionProperties) = preSolution
		HideSolutionNode = FALSE
	EndGlobalSection
	GlobalSection(ExtensibilityGlobals) = postSolution
		SolutionGuid = {E8BD7013-A1D0-4461-A2EE-6AC4BE95CF24}
	EndGlobalSection
EndGlobal
